
Microsoft Visual Studio Solution File, Format Version 12.00
# Visual Studio Version 16
VisualStudioVersion = 16.0.31410.357
MinimumVisualStudioVersion = 10.0.40219.1
Project("{9A19103F-16F7-4668-BE54-9A1E7A4F7556}") = "Testing", "Testing\Testing.csproj", "{3027E5B5-7C8E-491A-BAF8-E3080FC2D720}"
EndProject
Project("{9A19103F-16F7-4668-BE54-9A1E7A4F7556}") = "Intro", "Intro\Intro.csproj", "{5109B251-ABB6-49D2-9ABF-12FE00C1FC59}"
EndProject
Global
	GlobalSection(SolutionConfigurationPlatforms) = preSolution
		Debug|Any CPU = Debug|Any CPU
		Release|Any CPU = Release|Any CPU
	EndGlobalSection
	GlobalSection(ProjectConfigurationPlatforms) = postSolution
		{3027E5B5-7C8E-491A-BAF8-E3080FC2D720}.Debug|Any CPU.ActiveCfg = Debug|Any CPU
		{3027E5B5-7C8E-491A-BAF8-E3080FC2D720}.Debug|Any CPU.Build.0 = Debug|Any CPU
		{3027E5B5-7C8E-491A-BAF8-E3080FC2D720}.Release|Any CPU.ActiveCfg = Release|Any CPU
		{3027E5B5-7C8E-491A-BAF8-E3080FC2D720}.Release|Any CPU.Build.0 = Release|Any CPU
		{5109B251-ABB6-49D2-9ABF-12FE00C1FC59}.Debug|Any CPU.ActiveCfg = Debug|Any CPU
		{5109B251-ABB6-49D2-9ABF-12FE00C1FC59}.Debug|Any CPU.Build.0 = Debug|Any CPU
		{5109B251-ABB6-49D2-9ABF-12FE00C1FC59}.Release|Any CPU.ActiveCfg = Release|Any CPU
		{5109B251-ABB6-49D2-9ABF-12FE00C1FC59}.Release|Any CPU.Build.0 = Release|Any CPU
	EndGlobalSection
	GlobalSection(SolutionProperties) = preSolution
		HideSolutionNode = FALSE
	EndGlobalSection
	GlobalSection(ExtensibilityGlobals) = postSolution
		SolutionGuid = {7C880CEF-F93F-45BF-A30E-7D76EA323F4B}
	EndGlobalSection
EndGlobal
